
Microsoft Visual Studio Solution File, Format Version 11.00
# Visual Studio 2010
# SharpDevelop 5.1
Project("{FAE04EC0-301F-11D3-BF4B-00C04F79EFBC}") = "winapp1", "winapp1\winapp1.csproj", "{5F2F9F2B-7900-4811-A87A-68F90FA95F6A}"
EndProject
Global
	GlobalSection(SolutionConfigurationPlatforms) = preSolution
		Debug|Any CPU = Debug|Any CPU
		Release|Any CPU = Release|Any CPU
	EndGlobalSection
	GlobalSection(ProjectConfigurationPlatforms) = postSolution
		{5F2F9F2B-7900-4811-A87A-68F90FA95F6A}.Debug|Any CPU.ActiveCfg = Debug|Any CPU
		{5F2F9F2B-7900-4811-A87A-68F90FA95F6A}.Debug|Any CPU.Build.0 = Debug|Any CPU
		{5F2F9F2B-7900-4811-A87A-68F90FA95F6A}.Release|Any CPU.ActiveCfg = Release|Any CPU
		{5F2F9F2B-7900-4811-A87A-68F90FA95F6A}.Release|Any CPU.Build.0 = Release|Any CPU
	EndGlobalSection
EndGlobal
